
Microsoft Visual Studio Solution File, Format Version 11.00
# Visual Studio 2010
Project("{FAE04EC0-301F-11D3-BF4B-00C04F79EFBC}") = "Markdownesque", "Markdownesque\Markdownesque.csproj", "{60B906DA-DEF0-4444-B3B8-7D94C6CEF625}"
EndProject
Project("{FAE04EC0-301F-11D3-BF4B-00C04F79EFBC}") = "Markdownesque.Specifications", "Markdownesque.Specifications\Markdownesque.Specifications.csproj", "{2B6B9B97-9F0B-4F1E-B13A-2E09205D64D8}"
EndProject
Global
	GlobalSection(TestCaseManagementSettings) = postSolution
		CategoryFile = ScottDunn.vsmdi
	EndGlobalSection
	GlobalSection(SolutionConfigurationPlatforms) = preSolution
		Debug|Any CPU = Debug|Any CPU
		Release|Any CPU = Release|Any CPU
	EndGlobalSection
	GlobalSection(ProjectConfigurationPlatforms) = postSolution
		{60B906DA-DEF0-4444-B3B8-7D94C6CEF625}.Debug|Any CPU.ActiveCfg = Debug|Any CPU
		{60B906DA-DEF0-4444-B3B8-7D94C6CEF625}.Debug|Any CPU.Build.0 = Debug|Any CPU
		{60B906DA-DEF0-4444-B3B8-7D94C6CEF625}.Release|Any CPU.ActiveCfg = Release|Any CPU
		{60B906DA-DEF0-4444-B3B8-7D94C6CEF625}.Release|Any CPU.Build.0 = Release|Any CPU
		{2B6B9B97-9F0B-4F1E-B13A-2E09205D64D8}.Debug|Any CPU.ActiveCfg = Debug|Any CPU
		{2B6B9B97-9F0B-4F1E-B13A-2E09205D64D8}.Debug|Any CPU.Build.0 = Debug|Any CPU
		{2B6B9B97-9F0B-4F1E-B13A-2E09205D64D8}.Release|Any CPU.ActiveCfg = Release|Any CPU
		{2B6B9B97-9F0B-4F1E-B13A-2E09205D64D8}.Release|Any CPU.Build.0 = Release|Any CPU
	EndGlobalSection
	GlobalSection(SolutionProperties) = preSolution
		HideSolutionNode = FALSE
	EndGlobalSection
EndGlobal
